
Microsoft Visual Studio Solution File, Format Version 12.00
# Visual Studio Version 16
VisualStudioVersion = 16.0.29123.88
MinimumVisualStudioVersion = 10.0.40219.1
Project("{FAE04EC0-301F-11D3-BF4B-00C04F79EFBC}") = "NeuronalNetwork", "NeuronalNetwork\NeuronalNetwork.csproj", "{A8F17959-6591-42AC-B902-6DE8CBF9EBFD}"
EndProject
Global
	GlobalSection(SolutionConfigurationPlatforms) = preSolution
		Debug|Any CPU = Debug|Any CPU
		Release|Any CPU = Release|Any CPU
	EndGlobalSection
	GlobalSection(ProjectConfigurationPlatforms) = postSolution
		{A8F17959-6591-42AC-B902-6DE8CBF9EBFD}.Debug|Any CPU.ActiveCfg = Debug|Any CPU
		{A8F17959-6591-42AC-B902-6DE8CBF9EBFD}.Debug|Any CPU.Build.0 = Debug|Any CPU
		{A8F17959-6591-42AC-B902-6DE8CBF9EBFD}.Release|Any CPU.ActiveCfg = Release|Any CPU
		{A8F17959-6591-42AC-B902-6DE8CBF9EBFD}.Release|Any CPU.Build.0 = Release|Any CPU
	EndGlobalSection
	GlobalSection(SolutionProperties) = preSolution
		HideSolutionNode = FALSE
	EndGlobalSection
	GlobalSection(ExtensibilityGlobals) = postSolution
		SolutionGuid = {D5907DCF-90DF-4E6C-9D77-350EEFE3B38A}
	EndGlobalSection
EndGlobal
